{
  "name": "gatsby-remark-drawio",
  "version": "1.0.0",
  "lockfileVersion": 2,
  "requires": true,
  "packages": {
    "": {
      "name": "gatsby-remark-drawio",
      "version": "1.0.0",
      "license": "MIT",
      "dependencies": {
        "unist-util-visit": "^4.1.0"
      }
    },
    "node_modules/@types/unist": {
      "version": "2.0.6",
      "resolved": "https://registry.npmmirror.com/@types/unist/download/@types/unist-2.0.6.tgz",
      "integrity": "sha1-JQp7FsO5H2cqJFUuxkZ47rHToI0="
    },
    "node_modules/unist-util-is": {
      "version": "5.1.1",
      "resolved": "https://registry.nlark.com/unist-util-is/download/unist-util-is-5.1.1.tgz?cache=0&sync_timestamp=1626875281214&other_urls=https%3A%2F%2Fregistry.nlark.com%2Funist-util-is%2Fdownload%2Funist-util-is-5.1.1.tgz",
      "integrity": "sha1-6K7OCxAvqbwJew/vj4cMSW1KYjY="
    },
    "node_modules/unist-util-visit": {
      "version": "4.1.0",
      "resolved": "https://registry.npmmirror.com/unist-util-visit/download/unist-util-visit-4.1.0.tgz",
      "integrity": "sha1-9B5Aep6U2jFZTmscmBHFGrCz2PU=",
      "dependencies": {
        "@types/unist": "^2.0.0",
        "unist-util-is": "^5.0.0",
        "unist-util-visit-parents": "^5.0.0"
      }
    },
    "node_modules/unist-util-visit-parents": {
      "version": "5.1.0",
      "resolved": "https://registry.nlark.com/unist-util-visit-parents/download/unist-util-visit-parents-5.1.0.tgz",
      "integrity": "sha1-RLvF0l8kEeffxc7P8S3kMpaqhSE=",
      "dependencies": {
        "@types/unist": "^2.0.0",
        "unist-util-is": "^5.0.0"
      }
    }
  },
  "dependencies": {
    "@types/unist": {
      "version": "2.0.6",
      "resolved": "https://registry.npmmirror.com/@types/unist/download/@types/unist-2.0.6.tgz",
      "integrity": "sha1-JQp7FsO5H2cqJFUuxkZ47rHToI0="
    },
    "unist-util-is": {
      "version": "5.1.1",
      "resolved": "https://registry.nlark.com/unist-util-is/download/unist-util-is-5.1.1.tgz?cache=0&sync_timestamp=1626875281214&other_urls=https%3A%2F%2Fregistry.nlark.com%2Funist-util-is%2Fdownload%2Funist-util-is-5.1.1.tgz",
      "integrity": "sha1-6K7OCxAvqbwJew/vj4cMSW1KYjY="
    },
    "unist-util-visit": {
      "version": "4.1.0",
      "resolved": "https://registry.npmmirror.com/unist-util-visit/download/unist-util-visit-4.1.0.tgz",
      "integrity": "sha1-9B5Aep6U2jFZTmscmBHFGrCz2PU=",
      "requires": {
        "@types/unist": "^2.0.0",
        "unist-util-is": "^5.0.0",
        "unist-util-visit-parents": "^5.0.0"
      }
    },
    "unist-util-visit-parents": {
      "version": "5.1.0",
      "resolved": "https://registry.nlark.com/unist-util-visit-parents/download/unist-util-visit-parents-5.1.0.tgz",
      "integrity": "sha1-RLvF0l8kEeffxc7P8S3kMpaqhSE=",
      "requires": {
        "@types/unist": "^2.0.0",
        "unist-util-is": "^5.0.0"
      }
    }
  }
}
